// !$*UTF8*$!
{
	archiveVersion = 1;
	classes = {
	};
	objectVersion = 46;
	objects = {

/* Begin PBXBuildFile section */
		E53448F51D22618D00C38AB4 /* AppDelegate.swift in Sources */ = {isa = PBXBuildFile; fileRef = E53448F41D22618D00C38AB4 /* AppDelegate.swift */; };
		E53448F71D22618D00C38AB4 /* ViewController.swift in Sources */ = {isa = PBXBuildFile; fileRef = E53448F61D22618D00C38AB4 /* ViewController.swift */; };
		E53448FA1D22618D00C38AB4 /* Main.storyboard in Resources */ = {isa = PBXBuildFile; fileRef = E53448F81D22618D00C38AB4 /* Main.storyboard */; };
		E53448FC1D22618D00C38AB4 /* Assets.xcassets in Resources */ = {isa = PBXBuildFile; fileRef = E53448FB1D22618D00C38AB4 /* Assets.xcassets */; };
		E53448FF1D22618D00C38AB4 /* LaunchScreen.storyboard in Resources */ = {isa = PBXBuildFile; fileRef = E53448FD1D22618D00C38AB4 /* LaunchScreen.storyboard */; };
		E53449231D22643F00C38AB4 /* News.storyboard in Resources */ = {isa = PBXBuildFile; fileRef = E53449221D22643F00C38AB4 /* News.storyboard */; };
		E53449251D22648900C38AB4 /* Read.storyboard in Resources */ = {isa = PBXBuildFile; fileRef = E53449241D22648900C38AB4 /* Read.storyboard */; };
		E53449271D22649B00C38AB4 /* Media.storyboard in Resources */ = {isa = PBXBuildFile; fileRef = E53449261D22649B00C38AB4 /* Media.storyboard */; };
		E53449291D2264A700C38AB4 /* Discover.storyboard in Resources */ = {isa = PBXBuildFile; fileRef = E53449281D2264A700C38AB4 /* Discover.storyboard */; };
		E534492B1D2264BA00C38AB4 /* Me.storyboard in Resources */ = {isa = PBXBuildFile; fileRef = E534492A1D2264BA00C38AB4 /* Me.storyboard */; };
		E534492D1D22662F00C38AB4 /* NewsCtrl.swift in Sources */ = {isa = PBXBuildFile; fileRef = E534492C1D22662F00C38AB4 /* NewsCtrl.swift */; };
		E534492F1D226D2800C38AB4 /* ReadCtrl.swift in Sources */ = {isa = PBXBuildFile; fileRef = E534492E1D226D2800C38AB4 /* ReadCtrl.swift */; };
		E53449311D226D3F00C38AB4 /* MediaCtrl.swift in Sources */ = {isa = PBXBuildFile; fileRef = E53449301D226D3F00C38AB4 /* MediaCtrl.swift */; };
		E53449331D226D6C00C38AB4 /* DiscoverCtrl.swift in Sources */ = {isa = PBXBuildFile; fileRef = E53449321D226D6C00C38AB4 /* DiscoverCtrl.swift */; };
		E53449351D226D7800C38AB4 /* MeCtrl.swift in Sources */ = {isa = PBXBuildFile; fileRef = E53449341D226D7800C38AB4 /* MeCtrl.swift */; };
		E534493C1D22807900C38AB4 /* ReadCell.swift in Sources */ = {isa = PBXBuildFile; fileRef = E534493B1D22807900C38AB4 /* ReadCell.swift */; };
/* End PBXBuildFile section */

/* Begin PBXContainerItemProxy section */
		E53449061D22618D00C38AB4 /* PBXContainerItemProxy */ = {
			isa = PBXContainerItemProxy;
			containerPortal = E53448E91D22618D00C38AB4 /* Project object */;
			proxyType = 1;
			remoteGlobalIDString = E53448F01D22618D00C38AB4;
			remoteInfo = MyNews;
		};
		E53449111D22618D00C38AB4 /* PBXContainerItemProxy */ = {
			isa = PBXContainerItemProxy;
			containerPortal = E53448E91D22618D00C38AB4 /* Project object */;
			proxyType = 1;
			remoteGlobalIDString = E53448F01D22618D00C38AB4;
			remoteInfo = MyNews;
		};
/* End PBXContainerItemProxy section */

/* Begin PBXFileReference section */
		E53448F11D22618D00C38AB4 /* MyNews.app */ = {isa = PBXFileReference; explicitFileType = wrapper.application; includeInIndex = 0; path = MyNews.app; sourceTree = BUILT_PRODUCTS_DIR; };
		E53448F41D22618D00C38AB4 /* AppDelegate.swift */ = {isa = PBXFileReference; lastKnownFileType = sourcecode.swift; path = AppDelegate.swift; sourceTree = "<group>"; };
		E53448F61D22618D00C38AB4 /* ViewController.swift */ = {isa = PBXFileReference; lastKnownFileType = sourcecode.swift; path = ViewController.swift; sourceTree = "<group>"; };
		E53448F91D22618D00C38AB4 /* Base */ = {isa = PBXFileReference; lastKnownFileType = file.storyboard; name = Base; path = Base.lproj/Main.storyboard; sourceTree = "<group>"; };
		E53448FB1D22618D00C38AB4 /* Assets.xcassets */ = {isa = PBXFileReference; lastKnownFileType = folder.assetcatalog; path = Assets.xcassets; sourceTree = "<group>"; };
		E53448FE1D22618D00C38AB4 /* Base */ = {isa = PBXFileReference; lastKnownFileType = file.storyboard; name = Base; path = Base.lproj/LaunchScreen.storyboard; sourceTree = "<group>"; };
		E53449001D22618D00C38AB4 /* Info.plist */ = {isa = PBXFileReference; lastKnownFileType = text.plist.xml; path = Info.plist; sourceTree = "<group>"; };
		E53449051D22618D00C38AB4 /* MyNewsTests.xctest */ = {isa = PBXFileReference; explicitFileType = wrapper.cfbundle; includeInIndex = 0; path = MyNewsTests.xctest; sourceTree = BUILT_PRODUCTS_DIR; };
		E53449101D22618D00C38AB4 /* MyNewsUITests.xctest */ = {isa = PBXFileReference; explicitFileType = wrapper.cfbundle; includeInIndex = 0; path = MyNewsUITests.xctest; sourceTree = BUILT_PRODUCTS_DIR; };
		E53449221D22643F00C38AB4 /* News.storyboard */ = {isa = PBXFileReference; fileEncoding = 4; lastKnownFileType = file.storyboard; path = News.storyboard; sourceTree = "<group>"; };
		E53449241D22648900C38AB4 /* Read.storyboard */ = {isa = PBXFileReference; fileEncoding = 4; lastKnownFileType = file.storyboard; path = Read.storyboard; sourceTree = "<group>"; };
		E53449261D22649B00C38AB4 /* Media.storyboard */ = {isa = PBXFileReference; fileEncoding = 4; lastKnownFileType = file.storyboard; path = Media.storyboard; sourceTree = "<group>"; };
		E53449281D2264A700C38AB4 /* Discover.storyboard */ = {isa = PBXFileReference; fileEncoding = 4; lastKnownFileType = file.storyboard; path = Discover.storyboard; sourceTree = "<group>"; };
		E534492A1D2264BA00C38AB4 /* Me.storyboard */ = {isa = PBXFileReference; fileEncoding = 4; lastKnownFileType = file.storyboard; path = Me.storyboard; sourceTree = "<group>"; };
		E534492C1D22662F00C38AB4 /* NewsCtrl.swift */ = {isa = PBXFileReference; fileEncoding = 4; lastKnownFileType = sourcecode.swift; path = NewsCtrl.swift; sourceTree = "<group>"; };
		E534492E1D226D2800C38AB4 /* ReadCtrl.swift */ = {isa = PBXFileReference; fileEncoding = 4; lastKnownFileType = sourcecode.swift; path = ReadCtrl.swift; sourceTree = "<group>"; };
		E53449301D226D3F00C38AB4 /* MediaCtrl.swift */ = {isa = PBXFileReference; fileEncoding = 4; lastKnownFileType = sourcecode.swift; path = MediaCtrl.swift; sourceTree = "<group>"; };
		E53449321D226D6C00C38AB4 /* DiscoverCtrl.swift */ = {isa = PBXFileReference; fileEncoding = 4; lastKnownFileType = sourcecode.swift; path = DiscoverCtrl.swift; sourceTree = "<group>"; };
		E53449341D226D7800C38AB4 /* MeCtrl.swift */ = {isa = PBXFileReference; fileEncoding = 4; lastKnownFileType = sourcecode.swift; path = MeCtrl.swift; sourceTree = "<group>"; };
		E534493B1D22807900C38AB4 /* ReadCell.swift */ = {isa = PBXFileReference; fileEncoding = 4; lastKnownFileType = sourcecode.swift; path = ReadCell.swift; sourceTree = "<group>"; };
/* End PBXFileReference section */

/* Begin PBXFrameworksBuildPhase section */
		E53448EE1D22618D00C38AB4 /* Frameworks */ = {
			isa = PBXFrameworksBuildPhase;
			buildActionMask = 2147483647;
			files = (
			);
			runOnlyForDeploymentPostprocessing = 0;
		};
		E53449021D22618D00C38AB4 /* Frameworks */ = {
			isa = PBXFrameworksBuildPhase;
			buildActionMask = 2147483647;
			files = (
			);
			runOnlyForDeploymentPostprocessing = 0;
		};
		E534490D1D22618D00C38AB4 /* Frameworks */ = {
			isa = PBXFrameworksBuildPhase;
			buildActionMask = 2147483647;
			files = (
			);
			runOnlyForDeploymentPostprocessing = 0;
		};
/* End PBXFrameworksBuildPhase section */

/* Begin PBXGroup section */
		E53448E81D22618D00C38AB4 = {
			isa = PBXGroup;
			children = (
				E53448F31D22618D00C38AB4 /* MyNews */,
				E53448F21D22618D00C38AB4 /* Products */,
			);
			sourceTree = "<group>";
		};
		E53448F21D22618D00C38AB4 /* Products */ = {
			isa = PBXGroup;
			children = (
				E53448F11D22618D00C38AB4 /* MyNews.app */,
				E53449051D22618D00C38AB4 /* MyNewsTests.xctest */,
				E53449101D22618D00C38AB4 /* MyNewsUITests.xctest */,
			);
			name = Products;
			sourceTree = "<group>";
		};
		E53448F31D22618D00C38AB4 /* MyNews */ = {
			isa = PBXGroup;
			children = (
				E53448F41D22618D00C38AB4 /* AppDelegate.swift */,
				E53448F81D22618D00C38AB4 /* Main.storyboard */,
				E53448F61D22618D00C38AB4 /* ViewController.swift */,
				E53449361D227D2A00C38AB4 /* News */,
				E534493A1D227D3000C38AB4 /* Read */,
				E53449391D227D3000C38AB4 /* Media */,
				E53449381D227D3000C38AB4 /* Discover */,
				E53449371D227D2C00C38AB4 /* Me */,
				E53448FB1D22618D00C38AB4 /* Assets.xcassets */,
				E53448FD1D22618D00C38AB4 /* LaunchScreen.storyboard */,
				E53449001D22618D00C38AB4 /* Info.plist */,
			);
			path = MyNews;
			sourceTree = "<group>";
		};
		E53449361D227D2A00C38AB4 /* News */ = {
			isa = PBXGroup;
			children = (
				E53449221D22643F00C38AB4 /* News.storyboard */,
				E534492C1D22662F00C38AB4 /* NewsCtrl.swift */,
			);
			name = News;
			sourceTree = "<group>";
		};
		E53449371D227D2C00C38AB4 /* Me */ = {
			isa = PBXGroup;
			children = (
				E534492A1D2264BA00C38AB4 /* Me.storyboard */,
				E53449341D226D7800C38AB4 /* MeCtrl.swift */,
			);
			name = Me;
			sourceTree = "<group>";
		};
		E53449381D227D3000C38AB4 /* Discover */ = {
			isa = PBXGroup;
			children = (
				E53449281D2264A700C38AB4 /* Discover.storyboard */,
				E53449321D226D6C00C38AB4 /* DiscoverCtrl.swift */,
			);
			name = Discover;
			sourceTree = "<group>";
		};
		E53449391D227D3000C38AB4 /* Media */ = {
			isa = PBXGroup;
			children = (
				E53449261D22649B00C38AB4 /* Media.storyboard */,
				E53449301D226D3F00C38AB4 /* MediaCtrl.swift */,
			);
			name = Media;
			sourceTree = "<group>";
		};
		E534493A1D227D3000C38AB4 /* Read */ = {
			isa = PBXGroup;
			children = (
				E53449241D22648900C38AB4 /* Read.storyboard */,
				E534492E1D226D2800C38AB4 /* ReadCtrl.swift */,
				E534493B1D22807900C38AB4 /* ReadCell.swift */,
			);
			name = Read;
			sourceTree = "<group>";
		};
/* End PBXGroup section */

/* Begin PBXNativeTarget section */
		E53448F01D22618D00C38AB4 /* MyNews */ = {
			isa = PBXNativeTarget;
			buildConfigurationList = E53449191D22618D00C38AB4 /* Build configuration list for PBXNativeTarget "MyNews" */;
			buildPhases = (
				E53448ED1D22618D00C38AB4 /* Sources */,
				E53448EE1D22618D00C38AB4 /* Frameworks */,
				E53448EF1D22618D00C38AB4 /* Resources */,
			);
			buildRules = (
			);
			dependencies = (
			);
			name = MyNews;
			productName = MyNews;
			productReference = E53448F11D22618D00C38AB4 /* MyNews.app */;
			productType = "com.apple.product-type.application";
		};
		E53449041D22618D00C38AB4 /* MyNewsTests */ = {
			isa = PBXNativeTarget;
			buildConfigurationList = E534491C1D22618D00C38AB4 /* Build configuration list for PBXNativeTarget "MyNewsTests" */;
			buildPhases = (
				E53449011D22618D00C38AB4 /* Sources */,
				E53449021D22618D00C38AB4 /* Frameworks */,
				E53449031D22618D00C38AB4 /* Resources */,
			);
			buildRules = (
			);
			dependencies = (
				E53449071D22618D00C38AB4 /* PBXTargetDependency */,
			);
			name = MyNewsTests;
			productName = MyNewsTests;
			productReference = E53449051D22618D00C38AB4 /* MyNewsTests.xctest */;
			productType = "com.apple.product-type.bundle.unit-test";
		};
		E534490F1D22618D00C38AB4 /* MyNewsUITests */ = {
			isa = PBXNativeTarget;
			buildConfigurationList = E534491F1D22618D00C38AB4 /* Build configuration list for PBXNativeTarget "MyNewsUITests" */;
			buildPhases = (
				E534490C1D22618D00C38AB4 /* Sources */,
				E534490D1D22618D00C38AB4 /* Frameworks */,
				E534490E1D22618D00C38AB4 /* Resources */,
			);
			buildRules = (
			);
			dependencies = (
				E53449121D22618D00C38AB4 /* PBXTargetDependency */,
			);
			name = MyNewsUITests;
			productName = MyNewsUITests;
			productReference = E53449101D22618D00C38AB4 /* MyNewsUITests.xctest */;
			productType = "com.apple.product-type.bundle.ui-testing";
		};
/* End PBXNativeTarget section */

/* Begin PBXProject section */
		E53448E91D22618D00C38AB4 /* Project object */ = {
			isa = PBXProject;
			attributes = {
				LastSwiftUpdateCheck = 0730;
				LastUpgradeCheck = 0730;
				ORGANIZATIONNAME = zcgt_ios_01;
				TargetAttributes = {
					E53448F01D22618D00C38AB4 = {
						CreatedOnToolsVersion = 7.3;
						LastSwiftMigration = 0830;
					};
					E53449041D22618D00C38AB4 = {
						CreatedOnToolsVersion = 7.3;
						TestTargetID = E53448F01D22618D00C38AB4;
					};
					E534490F1D22618D00C38AB4 = {
						CreatedOnToolsVersion = 7.3;
						TestTargetID = E53448F01D22618D00C38AB4;
					};
				};
			};
			buildConfigurationList = E53448EC1D22618D00C38AB4 /* Build configuration list for PBXProject "MyNews" */;
			compatibilityVersion = "Xcode 3.2";
			developmentRegion = English;
			hasScannedForEncodings = 0;
			knownRegions = (
				en,
				Base,
			);
			mainGroup = E53448E81D22618D00C38AB4;
			productRefGroup = E53448F21D22618D00C38AB4 /* Products */;
			projectDirPath = "";
			projectRoot = "";
			targets = (
				E53448F01D22618D00C38AB4 /* MyNews */,
				E53449041D22618D00C38AB4 /* MyNewsTests */,
				E534490F1D22618D00C38AB4 /* MyNewsUITests */,
			);
		};
/* End PBXProject section */

/* Begin PBXResourcesBuildPhase section */
		E53448EF1D22618D00C38AB4 /* Resources */ = {
			isa = PBXResourcesBuildPhase;
			buildActionMask = 2147483647;
			files = (
				E53448FF1D22618D00C38AB4 /* LaunchScreen.storyboard in Resources */,
				E53448FC1D22618D00C38AB4 /* Assets.xcassets in Resources */,
				E53448FA1D22618D00C38AB4 /* Main.storyboard in Resources */,
				E53449271D22649B00C38AB4 /* Media.storyboard in Resources */,
				E53449251D22648900C38AB4 /* Read.storyboard in Resources */,
				E53449291D2264A700C38AB4 /* Discover.storyboard in Resources */,
				E534492B1D2264BA00C38AB4 /* Me.storyboard in Resources */,
				E53449231D22643F00C38AB4 /* News.storyboard in Resources */,
			);
			runOnlyForDeploymentPostprocessing = 0;
		};
		E53449031D22618D00C38AB4 /* Resources */ = {
			isa = PBXResourcesBuildPhase;
			buildActionMask = 2147483647;
			files = (
			);
			runOnlyForDeploymentPostprocessing = 0;
		};
		E534490E1D22618D00C38AB4 /* Resources */ = {
			isa = PBXResourcesBuildPhase;
			buildActionMask = 2147483647;
			files = (
			);
			runOnlyForDeploymentPostprocessing = 0;
		};
/* End PBXResourcesBuildPhase section */

/* Begin PBXSourcesBuildPhase section */
		E53448ED1D22618D00C38AB4 /* Sources */ = {
			isa = PBXSourcesBuildPhase;
			buildActionMask = 2147483647;
			files = (
				E53448F71D22618D00C38AB4 /* ViewController.swift in Sources */,
				E53449331D226D6C00C38AB4 /* DiscoverCtrl.swift in Sources */,
				E534492D1D22662F00C38AB4 /* NewsCtrl.swift in Sources */,
				E534492F1D226D2800C38AB4 /* ReadCtrl.swift in Sources */,
				E53449351D226D7800C38AB4 /* MeCtrl.swift in Sources */,
				E534493C1D22807900C38AB4 /* ReadCell.swift in Sources */,
				E53449311D226D3F00C38AB4 /* MediaCtrl.swift in Sources */,
				E53448F51D22618D00C38AB4 /* AppDelegate.swift in Sources */,
			);
			runOnlyForDeploymentPostprocessing = 0;
		};
		E53449011D22618D00C38AB4 /* Sources */ = {
			isa = PBXSourcesBuildPhase;
			buildActionMask = 2147483647;
			files = (
			);
			runOnlyForDeploymentPostprocessing = 0;
		};
		E534490C1D22618D00C38AB4 /* Sources */ = {
			isa = PBXSourcesBuildPhase;
			buildActionMask = 2147483647;
			files = (
			);
			runOnlyForDeploymentPostprocessing = 0;
		};
/* End PBXSourcesBuildPhase section */

/* Begin PBXTargetDependency section */
		E53449071D22618D00C38AB4 /* PBXTargetDependency */ = {
			isa = PBXTargetDependency;
			target = E53448F01D22618D00C38AB4 /* MyNews */;
			targetProxy = E53449061D22618D00C38AB4 /* PBXContainerItemProxy */;
		};
		E53449121D22618D00C38AB4 /* PBXTargetDependency */ = {
			isa = PBXTargetDependency;
			target = E53448F01D22618D00C38AB4 /* MyNews */;
			targetProxy = E53449111D22618D00C38AB4 /* PBXContainerItemProxy */;
		};
/* End PBXTargetDependency section */

/* Begin PBXVariantGroup section */
		E53448F81D22618D00C38AB4 /* Main.storyboard */ = {
			isa = PBXVariantGroup;
			children = (
				E53448F91D22618D00C38AB4 /* Base */,
			);
			name = Main.storyboard;
			sourceTree = "<group>";
		};
		E53448FD1D22618D00C38AB4 /* LaunchScreen.storyboard */ = {
			isa = PBXVariantGroup;
			children = (
				E53448FE1D22618D00C38AB4 /* Base */,
			);
			name = LaunchScreen.storyboard;
			sourceTree = "<group>";
		};
/* End PBXVariantGroup section */

/* Begin XCBuildConfiguration section */
		E53449171D22618D00C38AB4 /* Debug */ = {
			isa = XCBuildConfiguration;
			buildSettings = {
				ALWAYS_SEARCH_USER_PATHS = NO;
				CLANG_ANALYZER_NONNULL = YES;
				CLANG_CXX_LANGUAGE_STANDARD = "gnu++0x";
				CLANG_CXX_LIBRARY = "libc++";
				CLANG_ENABLE_MODULES = YES;
				CLANG_ENABLE_OBJC_ARC = YES;
				CLANG_WARN_BOOL_CONVERSION = YES;
				CLANG_WARN_CONSTANT_CONVERSION = YES;
				CLANG_WARN_DIRECT_OBJC_ISA_USAGE = YES_ERROR;
				CLANG_WARN_EMPTY_BODY = YES;
				CLANG_WARN_ENUM_CONVERSION = YES;
				CLANG_WARN_INT_CONVERSION = YES;
				CLANG_WARN_OBJC_ROOT_CLASS = YES_ERROR;
				CLANG_WARN_UNREACHABLE_CODE = YES;
				CLANG_WARN__DUPLICATE_METHOD_MATCH = YES;
				"CODE_SIGN_IDENTITY[sdk=iphoneos*]" = "iPhone Developer";
				COPY_PHASE_STRIP = NO;
				DEBUG_INFORMATION_FORMAT = dwarf;
				ENABLE_STRICT_OBJC_MSGSEND = YES;
				ENABLE_TESTABILITY = YES;
				GCC_C_LANGUAGE_STANDARD = gnu99;
				GCC_DYNAMIC_NO_PIC = NO;
				GCC_NO_COMMON_BLOCKS = YES;
				GCC_OPTIMIZATION_LEVEL = 0;
				GCC_PREPROCESSOR_DEFINITIONS = (
					"DEBUG=1",
					"$(inherited)",
				);
				GCC_WARN_64_TO_32_BIT_CONVERSION = YES;
				GCC_WARN_ABOUT_RETURN_TYPE = YES_ERROR;
				GCC_WARN_UNDECLARED_SELECTOR = YES;
				GCC_WARN_UNINITIALIZED_AUTOS = YES_AGGRESSIVE;
				GCC_WARN_UNUSED_FUNCTION = YES;
				GCC_WARN_UNUSED_VARIABLE = YES;
				IPHONEOS_DEPLOYMENT_TARGET = 9.3;
				MTL_ENABLE_DEBUG_INFO = YES;
				ONLY_ACTIVE_ARCH = YES;
				SDKROOT = iphoneos;
				SWIFT_OPTIMIZATION_LEVEL = "-Onone";
			};
			name = Debug;
		};
		E53449181D22618D00C38AB4 /* Release */ = {
			isa = XCBuildConfiguration;
			buildSettings = {
				ALWAYS_SEARCH_USER_PATHS = NO;
				CLANG_ANALYZER_NONNULL = YES;
				CLANG_CXX_LANGUAGE_STANDARD = "gnu++0x";
				CLANG_CXX_LIBRARY = "libc++";
				CLANG_ENABLE_MODULES = YES;
				CLANG_ENABLE_OBJC_ARC = YES;
				CLANG_WARN_BOOL_CONVERSION = YES;
				CLANG_WARN_CONSTANT_CONVERSION = YES;
				CLANG_WARN_DIRECT_OBJC_ISA_USAGE = YES_ERROR;
				CLANG_WARN_EMPTY_BODY = YES;
				CLANG_WARN_ENUM_CONVERSION = YES;
				CLANG_WARN_INT_CONVERSION = YES;
				CLANG_WARN_OBJC_ROOT_CLASS = YES_ERROR;
				CLANG_WARN_UNREACHABLE_CODE = YES;
				CLANG_WARN__DUPLICATE_METHOD_MATCH = YES;
				"CODE_SIGN_IDENTITY[sdk=iphoneos*]" = "iPhone Developer";
				COPY_PHASE_STRIP = NO;
				DEBUG_INFORMATION_FORMAT = "dwarf-with-dsym";
				ENABLE_NS_ASSERTIONS = NO;
				ENABLE_STRICT_OBJC_MSGSEND = YES;
				GCC_C_LANGUAGE_STANDARD = gnu99;
				GCC_NO_COMMON_BLOCKS = YES;
				GCC_WARN_64_TO_32_BIT_CONVERSION = YES;
				GCC_WARN_ABOUT_RETURN_TYPE = YES_ERROR;
				GCC_WARN_UNDECLARED_SELECTOR = YES;
				GCC_WARN_UNINITIALIZED_AUTOS = YES_AGGRESSIVE;
				GCC_WARN_UNUSED_FUNCTION = YES;
				GCC_WARN_UNUSED_VARIABLE = YES;
				IPHONEOS_DEPLOYMENT_TARGET = 9.3;
				MTL_ENABLE_DEBUG_INFO = NO;
				SDKROOT = iphoneos;
				VALIDATE_PRODUCT = YES;
			};
			name = Release;
		};
		E534491A1D22618D00C38AB4 /* Debug */ = {
			isa = XCBuildConfiguration;
			buildSettings = {
				ASSETCATALOG_COMPILER_APPICON_NAME = AppIcon;
				INFOPLIST_FILE = MyNews/Info.plist;
				IPHONEOS_DEPLOYMENT_TARGET = 9.3;
				LD_RUNPATH_SEARCH_PATHS = "$(inherited) @executable_path/Frameworks";
				PRODUCT_BUNDLE_IDENTIFIER = cn.text.MyNews;
				PRODUCT_NAME = "$(TARGET_NAME)";
				SWIFT_VERSION = 3.0;
			};
			name = Debug;
		};
		E534491B1D22618D00C38AB4 /* Release */ = {
			isa = XCBuildConfiguration;
			buildSettings = {
				ASSETCATALOG_COMPILER_APPICON_NAME = AppIcon;
				INFOPLIST_FILE = MyNews/Info.plist;
				IPHONEOS_DEPLOYMENT_TARGET = 9.3;
				LD_RUNPATH_SEARCH_PATHS = "$(inherited) @executable_path/Frameworks";
				PRODUCT_BUNDLE_IDENTIFIER = cn.text.MyNews;
				PRODUCT_NAME = "$(TARGET_NAME)";
				SWIFT_VERSION = 3.0;
			};
			name = Release;
		};
		E534491D1D22618D00C38AB4 /* Debug */ = {
			isa = XCBuildConfiguration;
			buildSettings = {
				BUNDLE_LOADER = "$(TEST_HOST)";
				INFOPLIST_FILE = MyNewsTests/Info.plist;
				LD_RUNPATH_SEARCH_PATHS = "$(inherited) @executable_path/Frameworks @loader_path/Frameworks";
				PRODUCT_BUNDLE_IDENTIFIER = cn.text.MyNewsTests;
				PRODUCT_NAME = "$(TARGET_NAME)";
				TEST_HOST = "$(BUILT_PRODUCTS_DIR)/MyNews.app/MyNews";
			};
			name = Debug;
		};
		E534491E1D22618D00C38AB4 /* Release */ = {
			isa = XCBuildConfiguration;
			buildSettings = {
				BUNDLE_LOADER = "$(TEST_HOST)";
				INFOPLIST_FILE = MyNewsTests/Info.plist;
				LD_RUNPATH_SEARCH_PATHS = "$(inherited) @executable_path/Frameworks @loader_path/Frameworks";
				PRODUCT_BUNDLE_IDENTIFIER = cn.text.MyNewsTests;
				PRODUCT_NAME = "$(TARGET_NAME)";
				TEST_HOST = "$(BUILT_PRODUCTS_DIR)/MyNews.app/MyNews";
			};
			name = Release;
		};
		E53449201D22618D00C38AB4 /* Debug */ = {
			isa = XCBuildConfiguration;
			buildSettings = {
				INFOPLIST_FILE = MyNewsUITests/Info.plist;
				LD_RUNPATH_SEARCH_PATHS = "$(inherited) @executable_path/Frameworks @loader_path/Frameworks";
				PRODUCT_BUNDLE_IDENTIFIER = cn.text.MyNewsUITests;
				PRODUCT_NAME = "$(TARGET_NAME)";
				TEST_TARGET_NAME = MyNews;
			};
			name = Debug;
		};
		E53449211D22618D00C38AB4 /* Release */ = {
			isa = XCBuildConfiguration;
			buildSettings = {
				INFOPLIST_FILE = MyNewsUITests/Info.plist;
				LD_RUNPATH_SEARCH_PATHS = "$(inherited) @executable_path/Frameworks @loader_path/Frameworks";
				PRODUCT_BUNDLE_IDENTIFIER = cn.text.MyNewsUITests;
				PRODUCT_NAME = "$(TARGET_NAME)";
				TEST_TARGET_NAME = MyNews;
			};
			name = Release;
		};
/* End XCBuildConfiguration section */

/* Begin XCConfigurationList section */
		E53448EC1D22618D00C38AB4 /* Build configuration list for PBXProject "MyNews" */ = {
			isa = XCConfigurationList;
			buildConfigurations = (
				E53449171D22618D00C38AB4 /* Debug */,
				E53449181D22618D00C38AB4 /* Release */,
			);
			defaultConfigurationIsVisible = 0;
			defaultConfigurationName = Release;
		};
		E53449191D22618D00C38AB4 /* Build configuration list for PBXNativeTarget "MyNews" */ = {
			isa = XCConfigurationList;
			buildConfigurations = (
				E534491A1D22618D00C38AB4 /* Debug */,
				E534491B1D22618D00C38AB4 /* Release */,
			);
			defaultConfigurationIsVisible = 0;
			defaultConfigurationName = Release;
		};
		E534491C1D22618D00C38AB4 /* Build configuration list for PBXNativeTarget "MyNewsTests" */ = {
			isa = XCConfigurationList;
			buildConfigurations = (
				E534491D1D22618D00C38AB4 /* Debug */,
				E534491E1D22618D00C38AB4 /* Release */,
			);
			defaultConfigurationIsVisible = 0;
			defaultConfigurationName = Release;
		};
		E534491F1D22618D00C38AB4 /* Build configuration list for PBXNativeTarget "MyNewsUITests" */ = {
			isa = XCConfigurationList;
			buildConfigurations = (
				E53449201D22618D00C38AB4 /* Debug */,
				E53449211D22618D00C38AB4 /* Release */,
			);
			defaultConfigurationIsVisible = 0;
			defaultConfigurationName = Release;
		};
/* End XCConfigurationList section */
	};
	rootObject = E53448E91D22618D00C38AB4 /* Project object */;
}
