// !$*UTF8*$!
{
	archiveVersion = 1;
	classes = {
	};
	objectVersion = 46;
	objects = {

/* Begin PBXBuildFile section */
		A44517E225921825001F8556 /* RxSwiftController.swift in Sources */ = {isa = PBXBuildFile; fileRef = A44517D925921825001F8556 /* RxSwiftController.swift */; };
		A44517E325921825001F8556 /* BJRxSwiftMVVMViewModel.swift in Sources */ = {isa = PBXBuildFile; fileRef = A44517DC25921825001F8556 /* BJRxSwiftMVVMViewModel.swift */; };
		A44517E425921825001F8556 /* BJRxSwiftMVVMCell.swift in Sources */ = {isa = PBXBuildFile; fileRef = A44517DE25921825001F8556 /* BJRxSwiftMVVMCell.swift */; };
		A44517E525921825001F8556 /* BJRxSwiftMVVMController.swift in Sources */ = {isa = PBXBuildFile; fileRef = A44517E025921825001F8556 /* BJRxSwiftMVVMController.swift */; };
		A44517E625921825001F8556 /* DiscoverCtrl.swift in Sources */ = {isa = PBXBuildFile; fileRef = A44517E125921825001F8556 /* DiscoverCtrl.swift */; };
		A44517EB25921929001F8556 /* BJPromiseKitController.swift in Sources */ = {isa = PBXBuildFile; fileRef = A44517EA25921929001F8556 /* BJPromiseKitController.swift */; };
		BD151190D99B5F509D6FC403 /* Pods_MyNews.framework in Frameworks */ = {isa = PBXBuildFile; fileRef = AC1A03FA07DCA72FF8070D68 /* Pods_MyNews.framework */; };
		E53448F51D22618D00C38AB4 /* AppDelegate.swift in Sources */ = {isa = PBXBuildFile; fileRef = E53448F41D22618D00C38AB4 /* AppDelegate.swift */; };
		E53448FC1D22618D00C38AB4 /* Assets.xcassets in Resources */ = {isa = PBXBuildFile; fileRef = E53448FB1D22618D00C38AB4 /* Assets.xcassets */; };
		E54A11CA22AE5A900000B007 /* BJTabbarViewController.swift in Sources */ = {isa = PBXBuildFile; fileRef = E54A11C922AE5A900000B007 /* BJTabbarViewController.swift */; };
		E54A11CC22AF5C090000B007 /* BJBaseViewController.swift in Sources */ = {isa = PBXBuildFile; fileRef = E54A11CB22AF5C090000B007 /* BJBaseViewController.swift */; };
		E54A11CF22AF79D00000B007 /* BJConfig.swift in Sources */ = {isa = PBXBuildFile; fileRef = E54A11CE22AF79D00000B007 /* BJConfig.swift */; };
		E55988832361B8B90062237D /* SwiftUIView.swift in Sources */ = {isa = PBXBuildFile; fileRef = E55988822361B8B90062237D /* SwiftUIView.swift */; };
		E55988852361B9900062237D /* BJSnapKitCtrl.swift in Sources */ = {isa = PBXBuildFile; fileRef = E55988842361B9900062237D /* BJSnapKitCtrl.swift */; };
		E56DB0641F988B480000A45D /* wotMain.json in Resources */ = {isa = PBXBuildFile; fileRef = E56DB0631F988B480000A45D /* wotMain.json */; };
		E5EF769423605C1E00E521EA /* NewsCtrl.swift in Sources */ = {isa = PBXBuildFile; fileRef = E5EF767A23605C1D00E521EA /* NewsCtrl.swift */; };
		E5EF769823605C1E00E521EA /* NewsModel.swift in Sources */ = {isa = PBXBuildFile; fileRef = E5EF768423605C1D00E521EA /* NewsModel.swift */; };
		E5EF769923605C1E00E521EA /* MediaCtrl.swift in Sources */ = {isa = PBXBuildFile; fileRef = E5EF768623605C1D00E521EA /* MediaCtrl.swift */; };
		E5EF769A23605C1E00E521EA /* NewsDetailCtrl.swift in Sources */ = {isa = PBXBuildFile; fileRef = E5EF768723605C1D00E521EA /* NewsDetailCtrl.swift */; };
		E5EF769B23605C1E00E521EA /* NewsCell.swift in Sources */ = {isa = PBXBuildFile; fileRef = E5EF768923605C1D00E521EA /* NewsCell.swift */; };
		E5EF769C23605C1E00E521EA /* MeCtrl.swift in Sources */ = {isa = PBXBuildFile; fileRef = E5EF768E23605C1D00E521EA /* MeCtrl.swift */; };
		E5EF769E23605C7200E521EA /* BJNetworkCtrl.swift in Sources */ = {isa = PBXBuildFile; fileRef = E5EF769D23605C7200E521EA /* BJNetworkCtrl.swift */; };
		E5EF76A023605E5200E521EA /* BJAnimationCtrl.swift in Sources */ = {isa = PBXBuildFile; fileRef = E5EF769F23605E5200E521EA /* BJAnimationCtrl.swift */; };
		E5EF76A323605EF300E521EA /* ReadCell.swift in Sources */ = {isa = PBXBuildFile; fileRef = E5EF76A123605EF300E521EA /* ReadCell.swift */; };
		E5EF76A423605EF300E521EA /* ReadCell.xib in Resources */ = {isa = PBXBuildFile; fileRef = E5EF76A223605EF300E521EA /* ReadCell.xib */; };
		E5EF76A623605EFD00E521EA /* ReadCtrl.swift in Sources */ = {isa = PBXBuildFile; fileRef = E5EF76A523605EFD00E521EA /* ReadCtrl.swift */; };
/* End PBXBuildFile section */

/* Begin PBXFileReference section */
		12B38B194E73D4AA63B3F350 /* Pods-MyNews.release.xcconfig */ = {isa = PBXFileReference; includeInIndex = 1; lastKnownFileType = text.xcconfig; name = "Pods-MyNews.release.xcconfig"; path = "Pods/Target Support Files/Pods-MyNews/Pods-MyNews.release.xcconfig"; sourceTree = "<group>"; };
		A44517D925921825001F8556 /* RxSwiftController.swift */ = {isa = PBXFileReference; fileEncoding = 4; lastKnownFileType = sourcecode.swift; path = RxSwiftController.swift; sourceTree = "<group>"; };
		A44517DC25921825001F8556 /* BJRxSwiftMVVMViewModel.swift */ = {isa = PBXFileReference; fileEncoding = 4; lastKnownFileType = sourcecode.swift; path = BJRxSwiftMVVMViewModel.swift; sourceTree = "<group>"; };
		A44517DE25921825001F8556 /* BJRxSwiftMVVMCell.swift */ = {isa = PBXFileReference; fileEncoding = 4; lastKnownFileType = sourcecode.swift; path = BJRxSwiftMVVMCell.swift; sourceTree = "<group>"; };
		A44517E025921825001F8556 /* BJRxSwiftMVVMController.swift */ = {isa = PBXFileReference; fileEncoding = 4; lastKnownFileType = sourcecode.swift; path = BJRxSwiftMVVMController.swift; sourceTree = "<group>"; };
		A44517E125921825001F8556 /* DiscoverCtrl.swift */ = {isa = PBXFileReference; fileEncoding = 4; lastKnownFileType = sourcecode.swift; path = DiscoverCtrl.swift; sourceTree = "<group>"; };
		A44517EA25921929001F8556 /* BJPromiseKitController.swift */ = {isa = PBXFileReference; lastKnownFileType = sourcecode.swift; path = BJPromiseKitController.swift; sourceTree = "<group>"; };
		AC1A03FA07DCA72FF8070D68 /* Pods_MyNews.framework */ = {isa = PBXFileReference; explicitFileType = wrapper.framework; includeInIndex = 0; path = Pods_MyNews.framework; sourceTree = BUILT_PRODUCTS_DIR; };
		C10A5F24A8C6B3C615E04BA6 /* Pods-MyNews.debug.xcconfig */ = {isa = PBXFileReference; includeInIndex = 1; lastKnownFileType = text.xcconfig; name = "Pods-MyNews.debug.xcconfig"; path = "Pods/Target Support Files/Pods-MyNews/Pods-MyNews.debug.xcconfig"; sourceTree = "<group>"; };
		E53448F11D22618D00C38AB4 /* MyNews.app */ = {isa = PBXFileReference; explicitFileType = wrapper.application; includeInIndex = 0; path = MyNews.app; sourceTree = BUILT_PRODUCTS_DIR; };
		E53448F41D22618D00C38AB4 /* AppDelegate.swift */ = {isa = PBXFileReference; lastKnownFileType = sourcecode.swift; path = AppDelegate.swift; sourceTree = "<group>"; };
		E53448FB1D22618D00C38AB4 /* Assets.xcassets */ = {isa = PBXFileReference; lastKnownFileType = folder.assetcatalog; path = Assets.xcassets; sourceTree = "<group>"; };
		E53449001D22618D00C38AB4 /* Info.plist */ = {isa = PBXFileReference; lastKnownFileType = text.plist.xml; path = Info.plist; sourceTree = "<group>"; };
		E54A11C922AE5A900000B007 /* BJTabbarViewController.swift */ = {isa = PBXFileReference; lastKnownFileType = sourcecode.swift; path = BJTabbarViewController.swift; sourceTree = "<group>"; };
		E54A11CB22AF5C090000B007 /* BJBaseViewController.swift */ = {isa = PBXFileReference; lastKnownFileType = sourcecode.swift; path = BJBaseViewController.swift; sourceTree = "<group>"; };
		E54A11CE22AF79D00000B007 /* BJConfig.swift */ = {isa = PBXFileReference; lastKnownFileType = sourcecode.swift; path = BJConfig.swift; sourceTree = "<group>"; };
		E55988822361B8B90062237D /* SwiftUIView.swift */ = {isa = PBXFileReference; fileEncoding = 4; lastKnownFileType = sourcecode.swift; path = SwiftUIView.swift; sourceTree = "<group>"; };
		E55988842361B9900062237D /* BJSnapKitCtrl.swift */ = {isa = PBXFileReference; lastKnownFileType = sourcecode.swift; path = BJSnapKitCtrl.swift; sourceTree = "<group>"; };
		E56DB0631F988B480000A45D /* wotMain.json */ = {isa = PBXFileReference; fileEncoding = 4; lastKnownFileType = text.json; path = wotMain.json; sourceTree = "<group>"; };
		E5EF767A23605C1D00E521EA /* NewsCtrl.swift */ = {isa = PBXFileReference; fileEncoding = 4; lastKnownFileType = sourcecode.swift; path = NewsCtrl.swift; sourceTree = "<group>"; };
		E5EF768423605C1D00E521EA /* NewsModel.swift */ = {isa = PBXFileReference; fileEncoding = 4; lastKnownFileType = sourcecode.swift; path = NewsModel.swift; sourceTree = "<group>"; };
		E5EF768623605C1D00E521EA /* MediaCtrl.swift */ = {isa = PBXFileReference; fileEncoding = 4; lastKnownFileType = sourcecode.swift; path = MediaCtrl.swift; sourceTree = "<group>"; };
		E5EF768723605C1D00E521EA /* NewsDetailCtrl.swift */ = {isa = PBXFileReference; fileEncoding = 4; lastKnownFileType = sourcecode.swift; path = NewsDetailCtrl.swift; sourceTree = "<group>"; };
		E5EF768923605C1D00E521EA /* NewsCell.swift */ = {isa = PBXFileReference; fileEncoding = 4; lastKnownFileType = sourcecode.swift; path = NewsCell.swift; sourceTree = "<group>"; };
		E5EF768E23605C1D00E521EA /* MeCtrl.swift */ = {isa = PBXFileReference; fileEncoding = 4; lastKnownFileType = sourcecode.swift; path = MeCtrl.swift; sourceTree = "<group>"; };
		E5EF769D23605C7200E521EA /* BJNetworkCtrl.swift */ = {isa = PBXFileReference; lastKnownFileType = sourcecode.swift; path = BJNetworkCtrl.swift; sourceTree = "<group>"; };
		E5EF769F23605E5200E521EA /* BJAnimationCtrl.swift */ = {isa = PBXFileReference; lastKnownFileType = sourcecode.swift; path = BJAnimationCtrl.swift; sourceTree = "<group>"; };
		E5EF76A123605EF300E521EA /* ReadCell.swift */ = {isa = PBXFileReference; fileEncoding = 4; lastKnownFileType = sourcecode.swift; path = ReadCell.swift; sourceTree = "<group>"; };
		E5EF76A223605EF300E521EA /* ReadCell.xib */ = {isa = PBXFileReference; fileEncoding = 4; lastKnownFileType = file.xib; path = ReadCell.xib; sourceTree = "<group>"; };
		E5EF76A523605EFD00E521EA /* ReadCtrl.swift */ = {isa = PBXFileReference; fileEncoding = 4; lastKnownFileType = sourcecode.swift; path = ReadCtrl.swift; sourceTree = "<group>"; };
/* End PBXFileReference section */

/* Begin PBXFrameworksBuildPhase section */
		E53448EE1D22618D00C38AB4 /* Frameworks */ = {
			isa = PBXFrameworksBuildPhase;
			buildActionMask = 2147483647;
			files = (
				BD151190D99B5F509D6FC403 /* Pods_MyNews.framework in Frameworks */,
			);
			runOnlyForDeploymentPostprocessing = 0;
		};
/* End PBXFrameworksBuildPhase section */

/* Begin PBXGroup section */
		15C37E3AA40905B54F7444C1 /* Frameworks */ = {
			isa = PBXGroup;
			children = (
				AC1A03FA07DCA72FF8070D68 /* Pods_MyNews.framework */,
			);
			name = Frameworks;
			sourceTree = "<group>";
		};
		60AA217C2DD38F35365CBCD0 /* Pods */ = {
			isa = PBXGroup;
			children = (
				C10A5F24A8C6B3C615E04BA6 /* Pods-MyNews.debug.xcconfig */,
				12B38B194E73D4AA63B3F350 /* Pods-MyNews.release.xcconfig */,
			);
			name = Pods;
			sourceTree = "<group>";
		};
		A44517D825921825001F8556 /* RXSwift */ = {
			isa = PBXGroup;
			children = (
				A44517D925921825001F8556 /* RxSwiftController.swift */,
			);
			path = RXSwift;
			sourceTree = "<group>";
		};
		A44517DA25921825001F8556 /* MVVM+RXSwift */ = {
			isa = PBXGroup;
			children = (
				A44517DF25921825001F8556 /* Controllers */,
				A44517DB25921825001F8556 /* ViewModel */,
				A44517DD25921825001F8556 /* View */,
			);
			path = "MVVM+RXSwift";
			sourceTree = "<group>";
		};
		A44517DB25921825001F8556 /* ViewModel */ = {
			isa = PBXGroup;
			children = (
				A44517DC25921825001F8556 /* BJRxSwiftMVVMViewModel.swift */,
			);
			path = ViewModel;
			sourceTree = "<group>";
		};
		A44517DD25921825001F8556 /* View */ = {
			isa = PBXGroup;
			children = (
				A44517DE25921825001F8556 /* BJRxSwiftMVVMCell.swift */,
			);
			path = View;
			sourceTree = "<group>";
		};
		A44517DF25921825001F8556 /* Controllers */ = {
			isa = PBXGroup;
			children = (
				A44517E025921825001F8556 /* BJRxSwiftMVVMController.swift */,
			);
			path = Controllers;
			sourceTree = "<group>";
		};
		A44517E92592190C001F8556 /* PromiseKit */ = {
			isa = PBXGroup;
			children = (
				A44517EA25921929001F8556 /* BJPromiseKitController.swift */,
			);
			path = PromiseKit;
			sourceTree = "<group>";
		};
		E53448E81D22618D00C38AB4 = {
			isa = PBXGroup;
			children = (
				E53448F31D22618D00C38AB4 /* MyNews */,
				E53448F21D22618D00C38AB4 /* Products */,
				60AA217C2DD38F35365CBCD0 /* Pods */,
				15C37E3AA40905B54F7444C1 /* Frameworks */,
			);
			sourceTree = "<group>";
		};
		E53448F21D22618D00C38AB4 /* Products */ = {
			isa = PBXGroup;
			children = (
				E53448F11D22618D00C38AB4 /* MyNews.app */,
			);
			name = Products;
			sourceTree = "<group>";
		};
		E53448F31D22618D00C38AB4 /* MyNews */ = {
			isa = PBXGroup;
			children = (
				E53448F41D22618D00C38AB4 /* AppDelegate.swift */,
				E54C37E41F97064C00825F8F /* Class */,
				E56DB0621F988B480000A45D /* Resource */,
				E53448FB1D22618D00C38AB4 /* Assets.xcassets */,
				E53449001D22618D00C38AB4 /* Info.plist */,
			);
			path = MyNews;
			sourceTree = "<group>";
		};
		E54A11C822AE5A530000B007 /* BJBase */ = {
			isa = PBXGroup;
			children = (
				E54A11C922AE5A900000B007 /* BJTabbarViewController.swift */,
				E54A11CB22AF5C090000B007 /* BJBaseViewController.swift */,
			);
			path = BJBase;
			sourceTree = "<group>";
		};
		E54A11CD22AF79BB0000B007 /* Config */ = {
			isa = PBXGroup;
			children = (
				E54A11CE22AF79D00000B007 /* BJConfig.swift */,
			);
			path = Config;
			sourceTree = "<group>";
		};
		E54C37E41F97064C00825F8F /* Class */ = {
			isa = PBXGroup;
			children = (
				E5EF767623605C1D00E521EA /* BJLayout */,
				E5EF767B23605C1D00E521EA /* BJAnimation */,
				E5EF768223605C1D00E521EA /* BJNetwork */,
				E5EF766C23605C1D00E521EA /* BJFrame */,
				E5EF768A23605C1D00E521EA /* BJFunction */,
				E54A11CD22AF79BB0000B007 /* Config */,
				E54A11C822AE5A530000B007 /* BJBase */,
			);
			path = Class;
			sourceTree = "<group>";
		};
		E56DB0621F988B480000A45D /* Resource */ = {
			isa = PBXGroup;
			children = (
				E56DB0631F988B480000A45D /* wotMain.json */,
			);
			path = Resource;
			sourceTree = "<group>";
		};
		E5EF766C23605C1D00E521EA /* BJFrame */ = {
			isa = PBXGroup;
			children = (
				A44517E125921825001F8556 /* DiscoverCtrl.swift */,
				A44517DA25921825001F8556 /* MVVM+RXSwift */,
				A44517D825921825001F8556 /* RXSwift */,
				A44517E92592190C001F8556 /* PromiseKit */,
			);
			path = BJFrame;
			sourceTree = "<group>";
		};
		E5EF767623605C1D00E521EA /* BJLayout */ = {
			isa = PBXGroup;
			children = (
				E5EF767923605C1D00E521EA /* Controllers */,
			);
			path = BJLayout;
			sourceTree = "<group>";
		};
		E5EF767923605C1D00E521EA /* Controllers */ = {
			isa = PBXGroup;
			children = (
				E5EF767A23605C1D00E521EA /* NewsCtrl.swift */,
				E55988822361B8B90062237D /* SwiftUIView.swift */,
				E55988842361B9900062237D /* BJSnapKitCtrl.swift */,
			);
			path = Controllers;
			sourceTree = "<group>";
		};
		E5EF767B23605C1D00E521EA /* BJAnimation */ = {
			isa = PBXGroup;
			children = (
				E5EF767D23605C1D00E521EA /* Controllers */,
			);
			path = BJAnimation;
			sourceTree = "<group>";
		};
		E5EF767D23605C1D00E521EA /* Controllers */ = {
			isa = PBXGroup;
			children = (
				E5EF769F23605E5200E521EA /* BJAnimationCtrl.swift */,
			);
			path = Controllers;
			sourceTree = "<group>";
		};
		E5EF768223605C1D00E521EA /* BJNetwork */ = {
			isa = PBXGroup;
			children = (
				E5EF768523605C1D00E521EA /* Controllers */,
				E5EF768323605C1D00E521EA /* Models */,
				E5EF768823605C1D00E521EA /* Views */,
			);
			path = BJNetwork;
			sourceTree = "<group>";
		};
		E5EF768323605C1D00E521EA /* Models */ = {
			isa = PBXGroup;
			children = (
				E5EF768423605C1D00E521EA /* NewsModel.swift */,
			);
			path = Models;
			sourceTree = "<group>";
		};
		E5EF768523605C1D00E521EA /* Controllers */ = {
			isa = PBXGroup;
			children = (
				E5EF769D23605C7200E521EA /* BJNetworkCtrl.swift */,
				E5EF768623605C1D00E521EA /* MediaCtrl.swift */,
				E5EF768723605C1D00E521EA /* NewsDetailCtrl.swift */,
				E5EF76A523605EFD00E521EA /* ReadCtrl.swift */,
			);
			path = Controllers;
			sourceTree = "<group>";
		};
		E5EF768823605C1D00E521EA /* Views */ = {
			isa = PBXGroup;
			children = (
				E5EF76A123605EF300E521EA /* ReadCell.swift */,
				E5EF76A223605EF300E521EA /* ReadCell.xib */,
				E5EF768923605C1D00E521EA /* NewsCell.swift */,
			);
			path = Views;
			sourceTree = "<group>";
		};
		E5EF768A23605C1D00E521EA /* BJFunction */ = {
			isa = PBXGroup;
			children = (
				E5EF768D23605C1D00E521EA /* Controllers */,
			);
			path = BJFunction;
			sourceTree = "<group>";
		};
		E5EF768D23605C1D00E521EA /* Controllers */ = {
			isa = PBXGroup;
			children = (
				E5EF768E23605C1D00E521EA /* MeCtrl.swift */,
			);
			path = Controllers;
			sourceTree = "<group>";
		};
/* End PBXGroup section */

/* Begin PBXNativeTarget section */
		E53448F01D22618D00C38AB4 /* MyNews */ = {
			isa = PBXNativeTarget;
			buildConfigurationList = E53449191D22618D00C38AB4 /* Build configuration list for PBXNativeTarget "MyNews" */;
			buildPhases = (
				48CB3B5F037461C5004797BE /* [CP] Check Pods Manifest.lock */,
				E53448ED1D22618D00C38AB4 /* Sources */,
				E53448EE1D22618D00C38AB4 /* Frameworks */,
				E53448EF1D22618D00C38AB4 /* Resources */,
				64F98A9D0110AF5262C79E6C /* [CP] Embed Pods Frameworks */,
			);
			buildRules = (
			);
			dependencies = (
			);
			name = MyNews;
			productName = MyNews;
			productReference = E53448F11D22618D00C38AB4 /* MyNews.app */;
			productType = "com.apple.product-type.application";
		};
/* End PBXNativeTarget section */

/* Begin PBXProject section */
		E53448E91D22618D00C38AB4 /* Project object */ = {
			isa = PBXProject;
			attributes = {
				LastSwiftUpdateCheck = 0730;
				LastUpgradeCheck = 1020;
				ORGANIZATIONNAME = zcgt_ios_01;
				TargetAttributes = {
					E53448F01D22618D00C38AB4 = {
						CreatedOnToolsVersion = 7.3;
						LastSwiftMigration = 0830;
					};
				};
			};
			buildConfigurationList = E53448EC1D22618D00C38AB4 /* Build configuration list for PBXProject "MyNews" */;
			compatibilityVersion = "Xcode 3.2";
			developmentRegion = English;
			hasScannedForEncodings = 0;
			knownRegions = (
				English,
				en,
				Base,
			);
			mainGroup = E53448E81D22618D00C38AB4;
			productRefGroup = E53448F21D22618D00C38AB4 /* Products */;
			projectDirPath = "";
			projectRoot = "";
			targets = (
				E53448F01D22618D00C38AB4 /* MyNews */,
			);
		};
/* End PBXProject section */

/* Begin PBXResourcesBuildPhase section */
		E53448EF1D22618D00C38AB4 /* Resources */ = {
			isa = PBXResourcesBuildPhase;
			buildActionMask = 2147483647;
			files = (
				E56DB0641F988B480000A45D /* wotMain.json in Resources */,
				E5EF76A423605EF300E521EA /* ReadCell.xib in Resources */,
				E53448FC1D22618D00C38AB4 /* Assets.xcassets in Resources */,
			);
			runOnlyForDeploymentPostprocessing = 0;
		};
/* End PBXResourcesBuildPhase section */

/* Begin PBXShellScriptBuildPhase section */
		48CB3B5F037461C5004797BE /* [CP] Check Pods Manifest.lock */ = {
			isa = PBXShellScriptBuildPhase;
			buildActionMask = 2147483647;
			files = (
			);
			inputPaths = (
				"${PODS_PODFILE_DIR_PATH}/Podfile.lock",
				"${PODS_ROOT}/Manifest.lock",
			);
			name = "[CP] Check Pods Manifest.lock";
			outputPaths = (
				"$(DERIVED_FILE_DIR)/Pods-MyNews-checkManifestLockResult.txt",
			);
			runOnlyForDeploymentPostprocessing = 0;
			shellPath = /bin/sh;
			shellScript = "diff \"${PODS_PODFILE_DIR_PATH}/Podfile.lock\" \"${PODS_ROOT}/Manifest.lock\" > /dev/null\nif [ $? != 0 ] ; then\n    # print error to STDERR\n    echo \"error: The sandbox is not in sync with the Podfile.lock. Run 'pod install' or update your CocoaPods installation.\" >&2\n    exit 1\nfi\n# This output is used by Xcode 'outputs' to avoid re-running this script phase.\necho \"SUCCESS\" > \"${SCRIPT_OUTPUT_FILE_0}\"\n";
			showEnvVarsInLog = 0;
		};
		64F98A9D0110AF5262C79E6C /* [CP] Embed Pods Frameworks */ = {
			isa = PBXShellScriptBuildPhase;
			buildActionMask = 2147483647;
			files = (
			);
			inputPaths = (
				"${PODS_ROOT}/Target Support Files/Pods-MyNews/Pods-MyNews-frameworks.sh",
				"${BUILT_PRODUCTS_DIR}/Alamofire/Alamofire.framework",
				"${BUILT_PRODUCTS_DIR}/Kingfisher/Kingfisher.framework",
				"${BUILT_PRODUCTS_DIR}/PromiseKit/PromiseKit.framework",
				"${BUILT_PRODUCTS_DIR}/RxCocoa/RxCocoa.framework",
				"${BUILT_PRODUCTS_DIR}/RxRelay/RxRelay.framework",
				"${BUILT_PRODUCTS_DIR}/RxSwift/RxSwift.framework",
				"${BUILT_PRODUCTS_DIR}/SnapKit/SnapKit.framework",
				"${BUILT_PRODUCTS_DIR}/SwiftyJSON/SwiftyJSON.framework",
			);
			name = "[CP] Embed Pods Frameworks";
			outputPaths = (
				"${TARGET_BUILD_DIR}/${FRAMEWORKS_FOLDER_PATH}/Alamofire.framework",
				"${TARGET_BUILD_DIR}/${FRAMEWORKS_FOLDER_PATH}/Kingfisher.framework",
				"${TARGET_BUILD_DIR}/${FRAMEWORKS_FOLDER_PATH}/PromiseKit.framework",
				"${TARGET_BUILD_DIR}/${FRAMEWORKS_FOLDER_PATH}/RxCocoa.framework",
				"${TARGET_BUILD_DIR}/${FRAMEWORKS_FOLDER_PATH}/RxRelay.framework",
				"${TARGET_BUILD_DIR}/${FRAMEWORKS_FOLDER_PATH}/RxSwift.framework",
				"${TARGET_BUILD_DIR}/${FRAMEWORKS_FOLDER_PATH}/SnapKit.framework",
				"${TARGET_BUILD_DIR}/${FRAMEWORKS_FOLDER_PATH}/SwiftyJSON.framework",
			);
			runOnlyForDeploymentPostprocessing = 0;
			shellPath = /bin/sh;
			shellScript = "\"${PODS_ROOT}/Target Support Files/Pods-MyNews/Pods-MyNews-frameworks.sh\"\n";
			showEnvVarsInLog = 0;
		};
/* End PBXShellScriptBuildPhase section */

/* Begin PBXSourcesBuildPhase section */
		E53448ED1D22618D00C38AB4 /* Sources */ = {
			isa = PBXSourcesBuildPhase;
			buildActionMask = 2147483647;
			files = (
				A44517E425921825001F8556 /* BJRxSwiftMVVMCell.swift in Sources */,
				E5EF769E23605C7200E521EA /* BJNetworkCtrl.swift in Sources */,
				E55988852361B9900062237D /* BJSnapKitCtrl.swift in Sources */,
				E53448F51D22618D00C38AB4 /* AppDelegate.swift in Sources */,
				E5EF769B23605C1E00E521EA /* NewsCell.swift in Sources */,
				E5EF76A623605EFD00E521EA /* ReadCtrl.swift in Sources */,
				E54A11CC22AF5C090000B007 /* BJBaseViewController.swift in Sources */,
				E54A11CA22AE5A900000B007 /* BJTabbarViewController.swift in Sources */,
				A44517EB25921929001F8556 /* BJPromiseKitController.swift in Sources */,
				E5EF769823605C1E00E521EA /* NewsModel.swift in Sources */,
				A44517E525921825001F8556 /* BJRxSwiftMVVMController.swift in Sources */,
				A44517E325921825001F8556 /* BJRxSwiftMVVMViewModel.swift in Sources */,
				E5EF76A023605E5200E521EA /* BJAnimationCtrl.swift in Sources */,
				E54A11CF22AF79D00000B007 /* BJConfig.swift in Sources */,
				A44517E225921825001F8556 /* RxSwiftController.swift in Sources */,
				E55988832361B8B90062237D /* SwiftUIView.swift in Sources */,
				E5EF769A23605C1E00E521EA /* NewsDetailCtrl.swift in Sources */,
				E5EF769C23605C1E00E521EA /* MeCtrl.swift in Sources */,
				E5EF769423605C1E00E521EA /* NewsCtrl.swift in Sources */,
				E5EF769923605C1E00E521EA /* MediaCtrl.swift in Sources */,
				A44517E625921825001F8556 /* DiscoverCtrl.swift in Sources */,
				E5EF76A323605EF300E521EA /* ReadCell.swift in Sources */,
			);
			runOnlyForDeploymentPostprocessing = 0;
		};
/* End PBXSourcesBuildPhase section */

/* Begin XCBuildConfiguration section */
		E53449171D22618D00C38AB4 /* Debug */ = {
			isa = XCBuildConfiguration;
			buildSettings = {
				ALWAYS_SEARCH_USER_PATHS = NO;
				CLANG_ANALYZER_LOCALIZABILITY_NONLOCALIZED = YES;
				CLANG_ANALYZER_NONNULL = YES;
				CLANG_CXX_LANGUAGE_STANDARD = "gnu++0x";
				CLANG_CXX_LIBRARY = "libc++";
				CLANG_ENABLE_MODULES = YES;
				CLANG_ENABLE_OBJC_ARC = YES;
				CLANG_WARN_BLOCK_CAPTURE_AUTORELEASING = YES;
				CLANG_WARN_BOOL_CONVERSION = YES;
				CLANG_WARN_COMMA = YES;
				CLANG_WARN_CONSTANT_CONVERSION = YES;
				CLANG_WARN_DEPRECATED_OBJC_IMPLEMENTATIONS = YES;
				CLANG_WARN_DIRECT_OBJC_ISA_USAGE = YES_ERROR;
				CLANG_WARN_EMPTY_BODY = YES;
				CLANG_WARN_ENUM_CONVERSION = YES;
				CLANG_WARN_INFINITE_RECURSION = YES;
				CLANG_WARN_INT_CONVERSION = YES;
				CLANG_WARN_NON_LITERAL_NULL_CONVERSION = YES;
				CLANG_WARN_OBJC_IMPLICIT_RETAIN_SELF = YES;
				CLANG_WARN_OBJC_LITERAL_CONVERSION = YES;
				CLANG_WARN_OBJC_ROOT_CLASS = YES_ERROR;
				CLANG_WARN_RANGE_LOOP_ANALYSIS = YES;
				CLANG_WARN_STRICT_PROTOTYPES = YES;
				CLANG_WARN_SUSPICIOUS_MOVE = YES;
				CLANG_WARN_UNREACHABLE_CODE = YES;
				CLANG_WARN__DUPLICATE_METHOD_MATCH = YES;
				"CODE_SIGN_IDENTITY[sdk=iphoneos*]" = "iPhone Developer";
				COPY_PHASE_STRIP = NO;
				DEBUG_INFORMATION_FORMAT = dwarf;
				ENABLE_STRICT_OBJC_MSGSEND = YES;
				ENABLE_TESTABILITY = YES;
				GCC_C_LANGUAGE_STANDARD = gnu99;
				GCC_DYNAMIC_NO_PIC = NO;
				GCC_NO_COMMON_BLOCKS = YES;
				GCC_OPTIMIZATION_LEVEL = 0;
				GCC_PREPROCESSOR_DEFINITIONS = (
					"DEBUG=1",
					"$(inherited)",
				);
				GCC_WARN_64_TO_32_BIT_CONVERSION = YES;
				GCC_WARN_ABOUT_RETURN_TYPE = YES_ERROR;
				GCC_WARN_UNDECLARED_SELECTOR = YES;
				GCC_WARN_UNINITIALIZED_AUTOS = YES_AGGRESSIVE;
				GCC_WARN_UNUSED_FUNCTION = YES;
				GCC_WARN_UNUSED_VARIABLE = YES;
				IPHONEOS_DEPLOYMENT_TARGET = 9.3;
				MTL_ENABLE_DEBUG_INFO = YES;
				ONLY_ACTIVE_ARCH = YES;
				SDKROOT = iphoneos;
				SWIFT_OPTIMIZATION_LEVEL = "-Onone";
			};
			name = Debug;
		};
		E53449181D22618D00C38AB4 /* Release */ = {
			isa = XCBuildConfiguration;
			buildSettings = {
				ALWAYS_SEARCH_USER_PATHS = NO;
				CLANG_ANALYZER_LOCALIZABILITY_NONLOCALIZED = YES;
				CLANG_ANALYZER_NONNULL = YES;
				CLANG_CXX_LANGUAGE_STANDARD = "gnu++0x";
				CLANG_CXX_LIBRARY = "libc++";
				CLANG_ENABLE_MODULES = YES;
				CLANG_ENABLE_OBJC_ARC = YES;
				CLANG_WARN_BLOCK_CAPTURE_AUTORELEASING = YES;
				CLANG_WARN_BOOL_CONVERSION = YES;
				CLANG_WARN_COMMA = YES;
				CLANG_WARN_CONSTANT_CONVERSION = YES;
				CLANG_WARN_DEPRECATED_OBJC_IMPLEMENTATIONS = YES;
				CLANG_WARN_DIRECT_OBJC_ISA_USAGE = YES_ERROR;
				CLANG_WARN_EMPTY_BODY = YES;
				CLANG_WARN_ENUM_CONVERSION = YES;
				CLANG_WARN_INFINITE_RECURSION = YES;
				CLANG_WARN_INT_CONVERSION = YES;
				CLANG_WARN_NON_LITERAL_NULL_CONVERSION = YES;
				CLANG_WARN_OBJC_IMPLICIT_RETAIN_SELF = YES;
				CLANG_WARN_OBJC_LITERAL_CONVERSION = YES;
				CLANG_WARN_OBJC_ROOT_CLASS = YES_ERROR;
				CLANG_WARN_RANGE_LOOP_ANALYSIS = YES;
				CLANG_WARN_STRICT_PROTOTYPES = YES;
				CLANG_WARN_SUSPICIOUS_MOVE = YES;
				CLANG_WARN_UNREACHABLE_CODE = YES;
				CLANG_WARN__DUPLICATE_METHOD_MATCH = YES;
				"CODE_SIGN_IDENTITY[sdk=iphoneos*]" = "iPhone Developer";
				COPY_PHASE_STRIP = NO;
				DEBUG_INFORMATION_FORMAT = "dwarf-with-dsym";
				ENABLE_NS_ASSERTIONS = NO;
				ENABLE_STRICT_OBJC_MSGSEND = YES;
				GCC_C_LANGUAGE_STANDARD = gnu99;
				GCC_NO_COMMON_BLOCKS = YES;
				GCC_WARN_64_TO_32_BIT_CONVERSION = YES;
				GCC_WARN_ABOUT_RETURN_TYPE = YES_ERROR;
				GCC_WARN_UNDECLARED_SELECTOR = YES;
				GCC_WARN_UNINITIALIZED_AUTOS = YES_AGGRESSIVE;
				GCC_WARN_UNUSED_FUNCTION = YES;
				GCC_WARN_UNUSED_VARIABLE = YES;
				IPHONEOS_DEPLOYMENT_TARGET = 9.3;
				MTL_ENABLE_DEBUG_INFO = NO;
				SDKROOT = iphoneos;
				SWIFT_COMPILATION_MODE = wholemodule;
				VALIDATE_PRODUCT = YES;
			};
			name = Release;
		};
		E534491A1D22618D00C38AB4 /* Debug */ = {
			isa = XCBuildConfiguration;
			baseConfigurationReference = C10A5F24A8C6B3C615E04BA6 /* Pods-MyNews.debug.xcconfig */;
			buildSettings = {
				ASSETCATALOG_COMPILER_APPICON_NAME = AppIcon;
				DEVELOPMENT_TEAM = "";
				INFOPLIST_FILE = MyNews/Info.plist;
				IPHONEOS_DEPLOYMENT_TARGET = 10.0;
				LD_RUNPATH_SEARCH_PATHS = "$(inherited) @executable_path/Frameworks";
				PRODUCT_BUNDLE_IDENTIFIER = com.yuile.meetings;
				PRODUCT_NAME = "$(TARGET_NAME)";
				SWIFT_VERSION = 4.2;
			};
			name = Debug;
		};
		E534491B1D22618D00C38AB4 /* Release */ = {
			isa = XCBuildConfiguration;
			baseConfigurationReference = 12B38B194E73D4AA63B3F350 /* Pods-MyNews.release.xcconfig */;
			buildSettings = {
				ASSETCATALOG_COMPILER_APPICON_NAME = AppIcon;
				DEVELOPMENT_TEAM = "";
				INFOPLIST_FILE = MyNews/Info.plist;
				IPHONEOS_DEPLOYMENT_TARGET = 10.0;
				LD_RUNPATH_SEARCH_PATHS = "$(inherited) @executable_path/Frameworks";
				PRODUCT_BUNDLE_IDENTIFIER = com.yuile.meetings;
				PRODUCT_NAME = "$(TARGET_NAME)";
				SWIFT_VERSION = 4.2;
			};
			name = Release;
		};
/* End XCBuildConfiguration section */

/* Begin XCConfigurationList section */
		E53448EC1D22618D00C38AB4 /* Build configuration list for PBXProject "MyNews" */ = {
			isa = XCConfigurationList;
			buildConfigurations = (
				E53449171D22618D00C38AB4 /* Debug */,
				E53449181D22618D00C38AB4 /* Release */,
			);
			defaultConfigurationIsVisible = 0;
			defaultConfigurationName = Release;
		};
		E53449191D22618D00C38AB4 /* Build configuration list for PBXNativeTarget "MyNews" */ = {
			isa = XCConfigurationList;
			buildConfigurations = (
				E534491A1D22618D00C38AB4 /* Debug */,
				E534491B1D22618D00C38AB4 /* Release */,
			);
			defaultConfigurationIsVisible = 0;
			defaultConfigurationName = Release;
		};
/* End XCConfigurationList section */
	};
	rootObject = E53448E91D22618D00C38AB4 /* Project object */;
}
